
Microsoft Visual Studio Solution File, Format Version 12.00
# Visual Studio Version 17
VisualStudioVersion = 17.0.31903.59
MinimumVisualStudioVersion = 10.0.40219.1
Project("{FAE04EC0-301F-11D3-BF4B-00C04F79EFBC}") = "minimal-api", "API\minimal-api.csproj", "{95E4405C-4E02-40BC-9445-88526C39DDAF}"
EndProject
Project("{FAE04EC0-301F-11D3-BF4B-00C04F79EFBC}") = "Test", "Test\Test.csproj", "{0EDAD321-CE8D-475E-AA20-41085F2A1D06}"
EndProject
Global
	GlobalSection(SolutionConfigurationPlatforms) = preSolution
		Debug|Any CPU = Debug|Any CPU
		Release|Any CPU = Release|Any CPU
	EndGlobalSection
	GlobalSection(SolutionProperties) = preSolution
		HideSolutionNode = FALSE
	EndGlobalSection
	GlobalSection(ProjectConfigurationPlatforms) = postSolution
		{95E4405C-4E02-40BC-9445-88526C39DDAF}.Debug|Any CPU.ActiveCfg = Debug|Any CPU
		{95E4405C-4E02-40BC-9445-88526C39DDAF}.Debug|Any CPU.Build.0 = Debug|Any CPU
		{95E4405C-4E02-40BC-9445-88526C39DDAF}.Release|Any CPU.ActiveCfg = Release|Any CPU
		{95E4405C-4E02-40BC-9445-88526C39DDAF}.Release|Any CPU.Build.0 = Release|Any CPU
		{0EDAD321-CE8D-475E-AA20-41085F2A1D06}.Debug|Any CPU.ActiveCfg = Debug|Any CPU
		{0EDAD321-CE8D-475E-AA20-41085F2A1D06}.Debug|Any CPU.Build.0 = Debug|Any CPU
		{0EDAD321-CE8D-475E-AA20-41085F2A1D06}.Release|Any CPU.ActiveCfg = Release|Any CPU
		{0EDAD321-CE8D-475E-AA20-41085F2A1D06}.Release|Any CPU.Build.0 = Release|Any CPU
	EndGlobalSection
EndGlobal
