
Microsoft Visual Studio Solution File, Format Version 12.00
# Visual Studio Version 17
VisualStudioVersion = 17.5.002.0
MinimumVisualStudioVersion = 10.0.40219.1
Project("{9A19103F-16F7-4668-BE54-9A1E7A4F7556}") = "minimal-api", "minimal-api.csproj", "{773F5A4F-6F00-42DF-82AB-F687F76A3A5F}"
EndProject
Global
	GlobalSection(SolutionConfigurationPlatforms) = preSolution
		Debug|Any CPU = Debug|Any CPU
		Release|Any CPU = Release|Any CPU
	EndGlobalSection
	GlobalSection(ProjectConfigurationPlatforms) = postSolution
		{773F5A4F-6F00-42DF-82AB-F687F76A3A5F}.Debug|Any CPU.ActiveCfg = Debug|Any CPU
		{773F5A4F-6F00-42DF-82AB-F687F76A3A5F}.Debug|Any CPU.Build.0 = Debug|Any CPU
		{773F5A4F-6F00-42DF-82AB-F687F76A3A5F}.Release|Any CPU.ActiveCfg = Release|Any CPU
		{773F5A4F-6F00-42DF-82AB-F687F76A3A5F}.Release|Any CPU.Build.0 = Release|Any CPU
	EndGlobalSection
	GlobalSection(SolutionProperties) = preSolution
		HideSolutionNode = FALSE
	EndGlobalSection
	GlobalSection(ExtensibilityGlobals) = postSolution
		SolutionGuid = {267E8F6F-6F89-49BF-AFED-4B7722BE859F}
	EndGlobalSection
EndGlobal
